{
  "version": 4,
  "terraform_version": "1.12.2",
  "serial": 5,
  "lineage": "aed231aa-e780-f15a-a035-464ff1782d59",
  "outputs": {},
  "resources": [
    {
      "mode": "managed",
      "type": "proxmox_lxc",
      "name": "terraform_test",
      "provider": "provider[\"registry.terraform.io/telmate/proxmox\"]",
      "instances": [
        {
          "schema_version": 0,
          "attributes": {
            "arch": "amd64",
            "bwlimit": 0,
            "clone": null,
            "clone_storage": null,
            "cmode": "tty",
            "console": true,
            "cores": 1,
            "cpulimit": 0,
            "cpuunits": 1024,
            "description": "",
            "features": [
              {
                "fuse": false,
                "keyctl": false,
                "mknod": false,
                "mount": "",
                "nesting": true
              }
            ],
            "force": false,
            "full": null,
            "hagroup": "",
            "hastate": "started",
            "hookscript": "",
            "hostname": "terraformtest",
            "id": "pve/lxc/100",
            "ignore_unpack_errors": false,
            "lock": "",
            "memory": 512,
            "mountpoint": [],
            "nameserver": "",
            "network": [
              {
                "bridge": "vmbr0",
                "firewall": false,
                "gw": "",
                "gw6": "",
                "hwaddr": "BC:24:11:C8:44:26",
                "ip": "dhcp",
                "ip6": "dhcp",
                "mtu": 0,
                "name": "eth0",
                "rate": 0,
                "tag": 0,
                "trunks": "",
                "type": "veth"
              }
            ],
            "onboot": false,
            "ostemplate": "local:vztmpl/almalinux-9-default_20240911_amd64.tar.xz",
            "ostype": "centos",
            "password": null,
            "pool": null,
            "protection": false,
            "restore": false,
            "rootfs": [
              {
                "acl": false,
                "quota": false,
                "replicate": false,
                "ro": false,
                "shared": false,
                "size": "10G",
                "storage": "local-lvm",
                "volume": "local-lvm:vm-100-disk-0"
              }
            ],
            "searchdomain": "",
            "ssh_public_keys": "ssh-rsa AAAAB3NzaC1yc2EAAAADAQABAAACAQDKl67y5qfWUX7A2acZwdxQt04/QHcRBlpi//lWBZeWXzk+9zgbJ//7Y4CEIXecYhH+cP00M7IwEE1mg2To1iIyiaMIGWV1zATxlGkpUjIykMJCtWL3UUIWPb8hMvplw9PitT/sFkGSi5kJHnNSmexn340LsPmIz6+DobjC5Y/rnFTp10cnw/SEHz1KiS/xKxlbjngV5U7undO+eMTP/AgjZBdC8l/uJNiKjSrsImWpl8teQ7ALlTn6fFAtl3WxwZeAYngqUjyCOE0/zwlAkIZ5KkjAoNfvgxHmndBwI9awJTmmosCxtcyulTFETYyuIlWWWiSNLuqeAcvTtFlKvuJnGD3005KDwto6MmPotiBxG2ViKBE2d00TQIEeyKdzx2zyYdSfkHAjlCidEUGYAvu7KBhIspHaejgRTlcgC5R1V1HC5/iC/s79c6y0q4UBYjaW6KXGKZhOeR0ya33vV6VKiqjwccWfDeDRWg8vq7QVTRzJkrHh046np5Fi/RO5jGMStAM4j20rk5EHe5uLVy1lTYN09eB9CQJtN77e1+LtozCqhDry1Fcyvu8JSWzOxgrQBr/bkVdUO7b2DpaUKgNqp/VWPNJeOOsEt57Uzk1/eTdvjofHKqOwKdYbacK+K7AfCC1RNTjh4iufxnX5R+83x8HXG7RkHXyxVUhWLqjCow== 1cepeak@MacBook-Pro-Nikita.local\n",
            "start": false,
            "startup": "",
            "swap": 0,
            "tags": "",
            "target_node": "pve",
            "template": false,
            "timeouts": null,
            "tty": 2,
            "unique": false,
            "unprivileged": true,
            "unused": [],
            "vmid": null
          },
          "sensitive_attributes": [
            [
              {
                "type": "get_attr",
                "value": "password"
              }
            ]
          ],
          "identity_schema_version": 0,
          "private": "eyJlMmJmYjczMC1lY2FhLTExZTYtOGY4OC0zNDM2M2JjN2M0YzAiOnsiY3JlYXRlIjoxMjAwMDAwMDAwMDAwLCJkZWZhdWx0IjoxMjAwMDAwMDAwMDAwLCJkZWxldGUiOjEyMDAwMDAwMDAwMDAsInJlYWQiOjEyMDAwMDAwMDAwMDAsInVwZGF0ZSI6MTIwMDAwMDAwMDAwMH19"
        }
      ]
    }
  ],
  "check_results": null
}
